
Microsoft Visual Studio Solution File, Format Version 12.00
# Visual Studio 15
VisualStudioVersion = 15.0.28307.1145
MinimumVisualStudioVersion = 10.0.40219.1
Project("{FAE04EC0-301F-11D3-BF4B-00C04F79EFBC}") = "DiscordBot", "DiscordBot\DiscordBot.csproj", "{4FAD36EA-790A-4041-964B-3D1D33761374}"
EndProject
Global
	GlobalSection(SolutionConfigurationPlatforms) = preSolution
		Debug|Any CPU = Debug|Any CPU
		Release|Any CPU = Release|Any CPU
	EndGlobalSection
	GlobalSection(ProjectConfigurationPlatforms) = postSolution
		{4FAD36EA-790A-4041-964B-3D1D33761374}.Debug|Any CPU.ActiveCfg = Debug|Any CPU
		{4FAD36EA-790A-4041-964B-3D1D33761374}.Debug|Any CPU.Build.0 = Debug|Any CPU
		{4FAD36EA-790A-4041-964B-3D1D33761374}.Release|Any CPU.ActiveCfg = Release|Any CPU
		{4FAD36EA-790A-4041-964B-3D1D33761374}.Release|Any CPU.Build.0 = Release|Any CPU
	EndGlobalSection
	GlobalSection(SolutionProperties) = preSolution
		HideSolutionNode = FALSE
	EndGlobalSection
	GlobalSection(ExtensibilityGlobals) = postSolution
		SolutionGuid = {CA2BF0B7-7CB5-4B3F-8761-0965A091BE8E}
	EndGlobalSection
EndGlobal
